
Microsoft Visual Studio Solution File, Format Version 10.00
# Visual Studio 2008
Project("{2150E333-8FDC-42A3-9474-1A3956D46DE8}") = "x86", "x86", "{F1016857-AB42-4A22-AB03-8779D19EFE9F}"
EndProject
Project("{2150E333-8FDC-42A3-9474-1A3956D46DE8}") = "Xbox 360", "Xbox 360", "{9728750B-93A1-4885-BD55-879AA205097B}"
EndProject
Project("{2150E333-8FDC-42A3-9474-1A3956D46DE8}") = "Demos", "Demos", "{E6F146C4-522D-45D8-8C8A-FE1A48BE1016}"
EndProject
Project("{2150E333-8FDC-42A3-9474-1A3956D46DE8}") = "Libraries", "Libraries", "{31C43A9C-75BC-4B7A-8436-FDC4B7F29099}"
EndProject
Project("{2150E333-8FDC-42A3-9474-1A3956D46DE8}") = "Demos", "Demos", "{3D57ED34-AD36-4DAE-B353-65D231E80952}"
EndProject
Project("{2150E333-8FDC-42A3-9474-1A3956D46DE8}") = "Libraries", "Libraries", "{B4FD0B31-18EC-4C46-B795-59DA796A2016}"
EndProject
Project("{2150E333-8FDC-42A3-9474-1A3956D46DE8}") = "Utility", "Utility", "{920B2D12-20CD-443B-A57F-EDF3E4B1E79B}"
EndProject
Project("{FAE04EC0-301F-11D3-BF4B-00C04F79EFBC}") = "Engine", "Ox\Engine\Engine.csproj", "{2FE1E435-0C0A-4CD0-8461-335A7CE4C94C}"
EndProject
Project("{FAE04EC0-301F-11D3-BF4B-00C04F79EFBC}") = "Xbox 360 Engine", "Ox\Engine\Xbox 360 Engine.csproj", "{704EC7AA-ADE2-4385-965F-13EE098CDCE8}"
EndProject
Project("{FAE04EC0-301F-11D3-BF4B-00C04F79EFBC}") = "Xbox 360 Gui", "Ox\Gui\Xbox 360 Gui.csproj", "{69EC565A-9144-4358-BB8C-F4606E1432AF}"
EndProject
Project("{FAE04EC0-301F-11D3-BF4B-00C04F79EFBC}") = "Xbox 360 GuiDemo", "..\GuiDemo\Xbox 360 GuiDemo.csproj", "{38EBE36B-0C4D-4292-9CAD-328E3140B736}"
EndProject
Project("{FAE04EC0-301F-11D3-BF4B-00C04F79EFBC}") = "Gui", "Ox\Gui\Gui.csproj", "{0B7EF747-00D6-4B8F-B3F1-F04005ED84B2}"
EndProject
Project("{FAE04EC0-301F-11D3-BF4B-00C04F79EFBC}") = "Engine.Test", "Ox\Engine.Test\Engine.Test.csproj", "{7909A6BA-438E-40C6-B0A5-768331651DE8}"
EndProject
Project("{FAE04EC0-301F-11D3-BF4B-00C04F79EFBC}") = "GuiEditor", "..\GuiEditor\GuiEditor.csproj", "{45C913DC-2FE0-4969-B9D8-3ADCEE666B10}"
EndProject
Project("{FAE04EC0-301F-11D3-BF4B-00C04F79EFBC}") = "SceneEditor", "..\SceneEditor\SceneEditor.csproj", "{9FFEB2AC-0173-4C21-8D87-B4EF5E756695}"
EndProject
Project("{FAE04EC0-301F-11D3-BF4B-00C04F79EFBC}") = "Editor", "Ox\Editor\Editor.csproj", "{2B89352B-FB63-4593-A4C4-210EBEE7E7C5}"
EndProject
Project("{2150E333-8FDC-42A3-9474-1A3956D46DE8}") = "Tools", "Tools", "{F9191F46-213E-4EE2-BC6A-D6023619E5EC}"
EndProject
Project("{FAE04EC0-301F-11D3-BF4B-00C04F79EFBC}") = "ContentFiles", "Ox\ContentFiles\ContentFiles.csproj", "{C77DB9A2-FE18-4302-8F4E-2BF9D23B5359}"
EndProject
Project("{FAE04EC0-301F-11D3-BF4B-00C04F79EFBC}") = "Scripts", "Ox\Scripts\Scripts.csproj", "{18CA50BF-E56B-43FE-890A-7BCD0F5444D5}"
EndProject
Project("{FAE04EC0-301F-11D3-BF4B-00C04F79EFBC}") = "Xbox 360 ContentFiles", "Ox\ContentFiles\Xbox 360 ContentFiles.csproj", "{3DAED895-E704-47D7-9955-CCC354C46B1E}"
EndProject
Project("{FAE04EC0-301F-11D3-BF4B-00C04F79EFBC}") = "Xbox 360 Scripts", "Ox\Scripts\Xbox 360 Scripts.csproj", "{A309DDD3-0577-4B1B-B189-5ECE16C82D30}"
EndProject
Project("{FAE04EC0-301F-11D3-BF4B-00C04F79EFBC}") = "Xbox 360 Scene", "Ox\Scene\Xbox 360 Scene.csproj", "{A8D727A9-2CEE-448C-A216-83E50476169B}"
EndProject
Project("{FAE04EC0-301F-11D3-BF4B-00C04F79EFBC}") = "Scene", "Ox\Scene\Scene.csproj", "{631A306A-EE94-4E60-934F-D905B3697D2C}"
EndProject
Project("{FAE04EC0-301F-11D3-BF4B-00C04F79EFBC}") = "GeneralEditor", "..\GeneralEditor\GeneralEditor.csproj", "{55B1160F-755D-4D4B-BC61-CA2C241690D0}"
EndProject
Project("{FAE04EC0-301F-11D3-BF4B-00C04F79EFBC}") = "PhysicsDemo", "..\PhysicsDemo\PhysicsDemo.csproj", "{0E2D152A-5721-4DEB-BB36-3825213D3050}"
EndProject
Project("{FAE04EC0-301F-11D3-BF4B-00C04F79EFBC}") = "Xbox 360 PhysicsDemo", "..\PhysicsDemo\Xbox 360 PhysicsDemo.csproj", "{0389AE98-147C-42B9-B6B3-06CCDA812FA1}"
EndProject
Project("{FAE04EC0-301F-11D3-BF4B-00C04F79EFBC}") = "GuiDemo", "..\GuiDemo\GuiDemo.csproj", "{62187AD7-FCF0-448D-A8ED-C550239D19B6}"
EndProject
Project("{FAE04EC0-301F-11D3-BF4B-00C04F79EFBC}") = "GameDemo", "..\GameDemo\GameDemo.csproj", "{7B944F87-B6E3-47E6-8C6E-1D7A7AB3227B}"
EndProject
Project("{FAE04EC0-301F-11D3-BF4B-00C04F79EFBC}") = "Xbox 360 GameDemo", "..\GameDemo\Xbox 360 GameDemo.csproj", "{C46DD059-947D-4ECA-BAB9-C9A866AB4D3C}"
EndProject
Project("{FAE04EC0-301F-11D3-BF4B-00C04F79EFBC}") = "DefaultEngine", "Ox\DefaultEngine\DefaultEngine.csproj", "{3CBDE4FF-1F46-4A0B-BDDD-5EBF54417B5A}"
EndProject
Project("{FAE04EC0-301F-11D3-BF4B-00C04F79EFBC}") = "Xbox 360 DefaultEngine", "Ox\DefaultEngine\Xbox 360 DefaultEngine.csproj", "{40F4EC55-750F-4F30-A328-5FE0303788EC}"
EndProject
Project("{FAE04EC0-301F-11D3-BF4B-00C04F79EFBC}") = "GameTemplate", "..\GameTemplate\GameTemplate.csproj", "{683464C9-383E-4412-9E89-68B6D9E976C7}"
EndProject
Project("{54435603-DBB4-11D2-8724-00A0C9A8B90C}") = "Setup", "Ox\Setup\Setup.vdproj", "{0E899C11-63AF-46C7-8C66-EAE2289676DE}"
EndProject
Project("{FAE04EC0-301F-11D3-BF4B-00C04F79EFBC}") = "ScriptTemplate", "..\ScriptTemplate\ScriptTemplate.csproj", "{960C5621-EC4A-4419-B66E-D36F9D7BBC39}"
EndProject
Global
	GlobalSection(SolutionConfigurationPlatforms) = preSolution
		Debug|Mixed Platforms = Debug|Mixed Platforms
		Debug|x86 = Debug|x86
		Debug|Xbox 360 = Debug|Xbox 360
		Release|Mixed Platforms = Release|Mixed Platforms
		Release|x86 = Release|x86
		Release|Xbox 360 = Release|Xbox 360
	EndGlobalSection
	GlobalSection(ProjectConfigurationPlatforms) = postSolution
		{2FE1E435-0C0A-4CD0-8461-335A7CE4C94C}.Debug|Mixed Platforms.ActiveCfg = Debug|x86
		{2FE1E435-0C0A-4CD0-8461-335A7CE4C94C}.Debug|Mixed Platforms.Build.0 = Debug|x86
		{2FE1E435-0C0A-4CD0-8461-335A7CE4C94C}.Debug|x86.ActiveCfg = Debug|x86
		{2FE1E435-0C0A-4CD0-8461-335A7CE4C94C}.Debug|x86.Build.0 = Debug|x86
		{2FE1E435-0C0A-4CD0-8461-335A7CE4C94C}.Debug|Xbox 360.ActiveCfg = Debug|x86
		{2FE1E435-0C0A-4CD0-8461-335A7CE4C94C}.Release|Mixed Platforms.ActiveCfg = Release|x86
		{2FE1E435-0C0A-4CD0-8461-335A7CE4C94C}.Release|Mixed Platforms.Build.0 = Release|x86
		{2FE1E435-0C0A-4CD0-8461-335A7CE4C94C}.Release|x86.ActiveCfg = Release|x86
		{2FE1E435-0C0A-4CD0-8461-335A7CE4C94C}.Release|x86.Build.0 = Release|x86
		{2FE1E435-0C0A-4CD0-8461-335A7CE4C94C}.Release|Xbox 360.ActiveCfg = Release|x86
		{704EC7AA-ADE2-4385-965F-13EE098CDCE8}.Debug|Mixed Platforms.ActiveCfg = Debug|Xbox 360
		{704EC7AA-ADE2-4385-965F-13EE098CDCE8}.Debug|Mixed Platforms.Build.0 = Debug|Xbox 360
		{704EC7AA-ADE2-4385-965F-13EE098CDCE8}.Debug|x86.ActiveCfg = Debug|Xbox 360
		{704EC7AA-ADE2-4385-965F-13EE098CDCE8}.Debug|Xbox 360.ActiveCfg = Debug|Xbox 360
		{704EC7AA-ADE2-4385-965F-13EE098CDCE8}.Debug|Xbox 360.Build.0 = Debug|Xbox 360
		{704EC7AA-ADE2-4385-965F-13EE098CDCE8}.Release|Mixed Platforms.ActiveCfg = Release|Xbox 360
		{704EC7AA-ADE2-4385-965F-13EE098CDCE8}.Release|Mixed Platforms.Build.0 = Release|Xbox 360
		{704EC7AA-ADE2-4385-965F-13EE098CDCE8}.Release|x86.ActiveCfg = Release|Xbox 360
		{704EC7AA-ADE2-4385-965F-13EE098CDCE8}.Release|Xbox 360.ActiveCfg = Release|Xbox 360
		{704EC7AA-ADE2-4385-965F-13EE098CDCE8}.Release|Xbox 360.Build.0 = Release|Xbox 360
		{69EC565A-9144-4358-BB8C-F4606E1432AF}.Debug|Mixed Platforms.ActiveCfg = Debug|Xbox 360
		{69EC565A-9144-4358-BB8C-F4606E1432AF}.Debug|Mixed Platforms.Build.0 = Debug|Xbox 360
		{69EC565A-9144-4358-BB8C-F4606E1432AF}.Debug|x86.ActiveCfg = Debug|Xbox 360
		{69EC565A-9144-4358-BB8C-F4606E1432AF}.Debug|Xbox 360.ActiveCfg = Debug|Xbox 360
		{69EC565A-9144-4358-BB8C-F4606E1432AF}.Debug|Xbox 360.Build.0 = Debug|Xbox 360
		{69EC565A-9144-4358-BB8C-F4606E1432AF}.Release|Mixed Platforms.ActiveCfg = Release|Xbox 360
		{69EC565A-9144-4358-BB8C-F4606E1432AF}.Release|Mixed Platforms.Build.0 = Release|Xbox 360
		{69EC565A-9144-4358-BB8C-F4606E1432AF}.Release|x86.ActiveCfg = Release|Xbox 360
		{69EC565A-9144-4358-BB8C-F4606E1432AF}.Release|Xbox 360.ActiveCfg = Release|Xbox 360
		{69EC565A-9144-4358-BB8C-F4606E1432AF}.Release|Xbox 360.Build.0 = Release|Xbox 360
		{38EBE36B-0C4D-4292-9CAD-328E3140B736}.Debug|Mixed Platforms.ActiveCfg = Debug|Xbox 360
		{38EBE36B-0C4D-4292-9CAD-328E3140B736}.Debug|Mixed Platforms.Build.0 = Debug|Xbox 360
		{38EBE36B-0C4D-4292-9CAD-328E3140B736}.Debug|Mixed Platforms.Deploy.0 = Debug|Xbox 360
		{38EBE36B-0C4D-4292-9CAD-328E3140B736}.Debug|x86.ActiveCfg = Debug|Xbox 360
		{38EBE36B-0C4D-4292-9CAD-328E3140B736}.Debug|Xbox 360.ActiveCfg = Debug|Xbox 360
		{38EBE36B-0C4D-4292-9CAD-328E3140B736}.Debug|Xbox 360.Build.0 = Debug|Xbox 360
		{38EBE36B-0C4D-4292-9CAD-328E3140B736}.Debug|Xbox 360.Deploy.0 = Debug|Xbox 360
		{38EBE36B-0C4D-4292-9CAD-328E3140B736}.Release|Mixed Platforms.ActiveCfg = Release|Xbox 360
		{38EBE36B-0C4D-4292-9CAD-328E3140B736}.Release|Mixed Platforms.Build.0 = Release|Xbox 360
		{38EBE36B-0C4D-4292-9CAD-328E3140B736}.Release|Mixed Platforms.Deploy.0 = Release|Xbox 360
		{38EBE36B-0C4D-4292-9CAD-328E3140B736}.Release|x86.ActiveCfg = Release|Xbox 360
		{38EBE36B-0C4D-4292-9CAD-328E3140B736}.Release|Xbox 360.ActiveCfg = Release|Xbox 360
		{38EBE36B-0C4D-4292-9CAD-328E3140B736}.Release|Xbox 360.Build.0 = Release|Xbox 360
		{38EBE36B-0C4D-4292-9CAD-328E3140B736}.Release|Xbox 360.Deploy.0 = Release|Xbox 360
		{0B7EF747-00D6-4B8F-B3F1-F04005ED84B2}.Debug|Mixed Platforms.ActiveCfg = Debug|x86
		{0B7EF747-00D6-4B8F-B3F1-F04005ED84B2}.Debug|Mixed Platforms.Build.0 = Debug|x86
		{0B7EF747-00D6-4B8F-B3F1-F04005ED84B2}.Debug|x86.ActiveCfg = Debug|x86
		{0B7EF747-00D6-4B8F-B3F1-F04005ED84B2}.Debug|x86.Build.0 = Debug|x86
		{0B7EF747-00D6-4B8F-B3F1-F04005ED84B2}.Debug|Xbox 360.ActiveCfg = Debug|x86
		{0B7EF747-00D6-4B8F-B3F1-F04005ED84B2}.Release|Mixed Platforms.ActiveCfg = Release|x86
		{0B7EF747-00D6-4B8F-B3F1-F04005ED84B2}.Release|Mixed Platforms.Build.0 = Release|x86
		{0B7EF747-00D6-4B8F-B3F1-F04005ED84B2}.Release|x86.ActiveCfg = Release|x86
		{0B7EF747-00D6-4B8F-B3F1-F04005ED84B2}.Release|x86.Build.0 = Release|x86
		{0B7EF747-00D6-4B8F-B3F1-F04005ED84B2}.Release|Xbox 360.ActiveCfg = Release|x86
		{7909A6BA-438E-40C6-B0A5-768331651DE8}.Debug|Mixed Platforms.ActiveCfg = Debug|x86
		{7909A6BA-438E-40C6-B0A5-768331651DE8}.Debug|Mixed Platforms.Build.0 = Debug|x86
		{7909A6BA-438E-40C6-B0A5-768331651DE8}.Debug|x86.ActiveCfg = Debug|x86
		{7909A6BA-438E-40C6-B0A5-768331651DE8}.Debug|x86.Build.0 = Debug|x86
		{7909A6BA-438E-40C6-B0A5-768331651DE8}.Debug|Xbox 360.ActiveCfg = Debug|x86
		{7909A6BA-438E-40C6-B0A5-768331651DE8}.Release|Mixed Platforms.ActiveCfg = Release|x86
		{7909A6BA-438E-40C6-B0A5-768331651DE8}.Release|Mixed Platforms.Build.0 = Release|x86
		{7909A6BA-438E-40C6-B0A5-768331651DE8}.Release|x86.ActiveCfg = Release|x86
		{7909A6BA-438E-40C6-B0A5-768331651DE8}.Release|x86.Build.0 = Release|x86
		{7909A6BA-438E-40C6-B0A5-768331651DE8}.Release|Xbox 360.ActiveCfg = Release|x86
		{45C913DC-2FE0-4969-B9D8-3ADCEE666B10}.Debug|Mixed Platforms.ActiveCfg = Debug|x86
		{45C913DC-2FE0-4969-B9D8-3ADCEE666B10}.Debug|Mixed Platforms.Build.0 = Debug|x86
		{45C913DC-2FE0-4969-B9D8-3ADCEE666B10}.Debug|x86.ActiveCfg = Debug|x86
		{45C913DC-2FE0-4969-B9D8-3ADCEE666B10}.Debug|x86.Build.0 = Debug|x86
		{45C913DC-2FE0-4969-B9D8-3ADCEE666B10}.Debug|Xbox 360.ActiveCfg = Debug|x86
		{45C913DC-2FE0-4969-B9D8-3ADCEE666B10}.Release|Mixed Platforms.ActiveCfg = Release|x86
		{45C913DC-2FE0-4969-B9D8-3ADCEE666B10}.Release|Mixed Platforms.Build.0 = Release|x86
		{45C913DC-2FE0-4969-B9D8-3ADCEE666B10}.Release|x86.ActiveCfg = Release|x86
		{45C913DC-2FE0-4969-B9D8-3ADCEE666B10}.Release|x86.Build.0 = Release|x86
		{45C913DC-2FE0-4969-B9D8-3ADCEE666B10}.Release|Xbox 360.ActiveCfg = Release|x86
		{9FFEB2AC-0173-4C21-8D87-B4EF5E756695}.Debug|Mixed Platforms.ActiveCfg = Debug|x86
		{9FFEB2AC-0173-4C21-8D87-B4EF5E756695}.Debug|Mixed Platforms.Build.0 = Debug|x86
		{9FFEB2AC-0173-4C21-8D87-B4EF5E756695}.Debug|x86.ActiveCfg = Debug|x86
		{9FFEB2AC-0173-4C21-8D87-B4EF5E756695}.Debug|x86.Build.0 = Debug|x86
		{9FFEB2AC-0173-4C21-8D87-B4EF5E756695}.Debug|Xbox 360.ActiveCfg = Debug|x86
		{9FFEB2AC-0173-4C21-8D87-B4EF5E756695}.Release|Mixed Platforms.ActiveCfg = Release|x86
		{9FFEB2AC-0173-4C21-8D87-B4EF5E756695}.Release|Mixed Platforms.Build.0 = Release|x86
		{9FFEB2AC-0173-4C21-8D87-B4EF5E756695}.Release|x86.ActiveCfg = Release|x86
		{9FFEB2AC-0173-4C21-8D87-B4EF5E756695}.Release|x86.Build.0 = Release|x86
		{9FFEB2AC-0173-4C21-8D87-B4EF5E756695}.Release|Xbox 360.ActiveCfg = Release|x86
		{2B89352B-FB63-4593-A4C4-210EBEE7E7C5}.Debug|Mixed Platforms.ActiveCfg = Debug|x86
		{2B89352B-FB63-4593-A4C4-210EBEE7E7C5}.Debug|Mixed Platforms.Build.0 = Debug|x86
		{2B89352B-FB63-4593-A4C4-210EBEE7E7C5}.Debug|x86.ActiveCfg = Debug|x86
		{2B89352B-FB63-4593-A4C4-210EBEE7E7C5}.Debug|x86.Build.0 = Debug|x86
		{2B89352B-FB63-4593-A4C4-210EBEE7E7C5}.Debug|Xbox 360.ActiveCfg = Debug|x86
		{2B89352B-FB63-4593-A4C4-210EBEE7E7C5}.Release|Mixed Platforms.ActiveCfg = Release|x86
		{2B89352B-FB63-4593-A4C4-210EBEE7E7C5}.Release|Mixed Platforms.Build.0 = Release|x86
		{2B89352B-FB63-4593-A4C4-210EBEE7E7C5}.Release|x86.ActiveCfg = Release|x86
		{2B89352B-FB63-4593-A4C4-210EBEE7E7C5}.Release|x86.Build.0 = Release|x86
		{2B89352B-FB63-4593-A4C4-210EBEE7E7C5}.Release|Xbox 360.ActiveCfg = Release|x86
		{C77DB9A2-FE18-4302-8F4E-2BF9D23B5359}.Debug|Mixed Platforms.ActiveCfg = Debug|x86
		{C77DB9A2-FE18-4302-8F4E-2BF9D23B5359}.Debug|Mixed Platforms.Build.0 = Debug|x86
		{C77DB9A2-FE18-4302-8F4E-2BF9D23B5359}.Debug|x86.ActiveCfg = Debug|x86
		{C77DB9A2-FE18-4302-8F4E-2BF9D23B5359}.Debug|x86.Build.0 = Debug|x86
		{C77DB9A2-FE18-4302-8F4E-2BF9D23B5359}.Debug|Xbox 360.ActiveCfg = Debug|x86
		{C77DB9A2-FE18-4302-8F4E-2BF9D23B5359}.Release|Mixed Platforms.ActiveCfg = Release|x86
		{C77DB9A2-FE18-4302-8F4E-2BF9D23B5359}.Release|Mixed Platforms.Build.0 = Release|x86
		{C77DB9A2-FE18-4302-8F4E-2BF9D23B5359}.Release|x86.ActiveCfg = Release|x86
		{C77DB9A2-FE18-4302-8F4E-2BF9D23B5359}.Release|x86.Build.0 = Release|x86
		{C77DB9A2-FE18-4302-8F4E-2BF9D23B5359}.Release|Xbox 360.ActiveCfg = Release|x86
		{18CA50BF-E56B-43FE-890A-7BCD0F5444D5}.Debug|Mixed Platforms.ActiveCfg = Debug|x86
		{18CA50BF-E56B-43FE-890A-7BCD0F5444D5}.Debug|Mixed Platforms.Build.0 = Debug|x86
		{18CA50BF-E56B-43FE-890A-7BCD0F5444D5}.Debug|x86.ActiveCfg = Debug|x86
		{18CA50BF-E56B-43FE-890A-7BCD0F5444D5}.Debug|x86.Build.0 = Debug|x86
		{18CA50BF-E56B-43FE-890A-7BCD0F5444D5}.Debug|Xbox 360.ActiveCfg = Debug|x86
		{18CA50BF-E56B-43FE-890A-7BCD0F5444D5}.Release|Mixed Platforms.ActiveCfg = Release|x86
		{18CA50BF-E56B-43FE-890A-7BCD0F5444D5}.Release|Mixed Platforms.Build.0 = Release|x86
		{18CA50BF-E56B-43FE-890A-7BCD0F5444D5}.Release|x86.ActiveCfg = Release|x86
		{18CA50BF-E56B-43FE-890A-7BCD0F5444D5}.Release|x86.Build.0 = Release|x86
		{18CA50BF-E56B-43FE-890A-7BCD0F5444D5}.Release|Xbox 360.ActiveCfg = Release|x86
		{3DAED895-E704-47D7-9955-CCC354C46B1E}.Debug|Mixed Platforms.ActiveCfg = Debug|Xbox 360
		{3DAED895-E704-47D7-9955-CCC354C46B1E}.Debug|Mixed Platforms.Build.0 = Debug|Xbox 360
		{3DAED895-E704-47D7-9955-CCC354C46B1E}.Debug|x86.ActiveCfg = Debug|Xbox 360
		{3DAED895-E704-47D7-9955-CCC354C46B1E}.Debug|Xbox 360.ActiveCfg = Debug|Xbox 360
		{3DAED895-E704-47D7-9955-CCC354C46B1E}.Debug|Xbox 360.Build.0 = Debug|Xbox 360
		{3DAED895-E704-47D7-9955-CCC354C46B1E}.Release|Mixed Platforms.ActiveCfg = Release|Xbox 360
		{3DAED895-E704-47D7-9955-CCC354C46B1E}.Release|Mixed Platforms.Build.0 = Release|Xbox 360
		{3DAED895-E704-47D7-9955-CCC354C46B1E}.Release|x86.ActiveCfg = Release|Xbox 360
		{3DAED895-E704-47D7-9955-CCC354C46B1E}.Release|Xbox 360.ActiveCfg = Release|Xbox 360
		{3DAED895-E704-47D7-9955-CCC354C46B1E}.Release|Xbox 360.Build.0 = Release|Xbox 360
		{A309DDD3-0577-4B1B-B189-5ECE16C82D30}.Debug|Mixed Platforms.ActiveCfg = Debug|Xbox 360
		{A309DDD3-0577-4B1B-B189-5ECE16C82D30}.Debug|Mixed Platforms.Build.0 = Debug|Xbox 360
		{A309DDD3-0577-4B1B-B189-5ECE16C82D30}.Debug|x86.ActiveCfg = Debug|Xbox 360
		{A309DDD3-0577-4B1B-B189-5ECE16C82D30}.Debug|Xbox 360.ActiveCfg = Debug|Xbox 360
		{A309DDD3-0577-4B1B-B189-5ECE16C82D30}.Debug|Xbox 360.Build.0 = Debug|Xbox 360
		{A309DDD3-0577-4B1B-B189-5ECE16C82D30}.Release|Mixed Platforms.ActiveCfg = Release|Xbox 360
		{A309DDD3-0577-4B1B-B189-5ECE16C82D30}.Release|Mixed Platforms.Build.0 = Release|Xbox 360
		{A309DDD3-0577-4B1B-B189-5ECE16C82D30}.Release|x86.ActiveCfg = Release|Xbox 360
		{A309DDD3-0577-4B1B-B189-5ECE16C82D30}.Release|Xbox 360.ActiveCfg = Release|Xbox 360
		{A309DDD3-0577-4B1B-B189-5ECE16C82D30}.Release|Xbox 360.Build.0 = Release|Xbox 360
		{A8D727A9-2CEE-448C-A216-83E50476169B}.Debug|Mixed Platforms.ActiveCfg = Debug|Xbox 360
		{A8D727A9-2CEE-448C-A216-83E50476169B}.Debug|Mixed Platforms.Build.0 = Debug|Xbox 360
		{A8D727A9-2CEE-448C-A216-83E50476169B}.Debug|x86.ActiveCfg = Debug|Xbox 360
		{A8D727A9-2CEE-448C-A216-83E50476169B}.Debug|Xbox 360.ActiveCfg = Debug|Xbox 360
		{A8D727A9-2CEE-448C-A216-83E50476169B}.Debug|Xbox 360.Build.0 = Debug|Xbox 360
		{A8D727A9-2CEE-448C-A216-83E50476169B}.Release|Mixed Platforms.ActiveCfg = Release|Xbox 360
		{A8D727A9-2CEE-448C-A216-83E50476169B}.Release|Mixed Platforms.Build.0 = Release|Xbox 360
		{A8D727A9-2CEE-448C-A216-83E50476169B}.Release|x86.ActiveCfg = Release|Xbox 360
		{A8D727A9-2CEE-448C-A216-83E50476169B}.Release|Xbox 360.ActiveCfg = Release|Xbox 360
		{A8D727A9-2CEE-448C-A216-83E50476169B}.Release|Xbox 360.Build.0 = Release|Xbox 360
		{631A306A-EE94-4E60-934F-D905B3697D2C}.Debug|Mixed Platforms.ActiveCfg = Debug|x86
		{631A306A-EE94-4E60-934F-D905B3697D2C}.Debug|Mixed Platforms.Build.0 = Debug|x86
		{631A306A-EE94-4E60-934F-D905B3697D2C}.Debug|x86.ActiveCfg = Debug|x86
		{631A306A-EE94-4E60-934F-D905B3697D2C}.Debug|x86.Build.0 = Debug|x86
		{631A306A-EE94-4E60-934F-D905B3697D2C}.Debug|Xbox 360.ActiveCfg = Debug|x86
		{631A306A-EE94-4E60-934F-D905B3697D2C}.Release|Mixed Platforms.ActiveCfg = Release|x86
		{631A306A-EE94-4E60-934F-D905B3697D2C}.Release|Mixed Platforms.Build.0 = Release|x86
		{631A306A-EE94-4E60-934F-D905B3697D2C}.Release|x86.ActiveCfg = Release|x86
		{631A306A-EE94-4E60-934F-D905B3697D2C}.Release|x86.Build.0 = Release|x86
		{631A306A-EE94-4E60-934F-D905B3697D2C}.Release|Xbox 360.ActiveCfg = Release|x86
		{55B1160F-755D-4D4B-BC61-CA2C241690D0}.Debug|Mixed Platforms.ActiveCfg = Debug|x86
		{55B1160F-755D-4D4B-BC61-CA2C241690D0}.Debug|Mixed Platforms.Build.0 = Debug|x86
		{55B1160F-755D-4D4B-BC61-CA2C241690D0}.Debug|x86.ActiveCfg = Debug|x86
		{55B1160F-755D-4D4B-BC61-CA2C241690D0}.Debug|x86.Build.0 = Debug|x86
		{55B1160F-755D-4D4B-BC61-CA2C241690D0}.Debug|Xbox 360.ActiveCfg = Debug|x86
		{55B1160F-755D-4D4B-BC61-CA2C241690D0}.Release|Mixed Platforms.ActiveCfg = Release|x86
		{55B1160F-755D-4D4B-BC61-CA2C241690D0}.Release|Mixed Platforms.Build.0 = Release|x86
		{55B1160F-755D-4D4B-BC61-CA2C241690D0}.Release|x86.ActiveCfg = Release|x86
		{55B1160F-755D-4D4B-BC61-CA2C241690D0}.Release|x86.Build.0 = Release|x86
		{55B1160F-755D-4D4B-BC61-CA2C241690D0}.Release|Xbox 360.ActiveCfg = Release|x86
		{0E2D152A-5721-4DEB-BB36-3825213D3050}.Debug|Mixed Platforms.ActiveCfg = Debug|x86
		{0E2D152A-5721-4DEB-BB36-3825213D3050}.Debug|Mixed Platforms.Build.0 = Debug|x86
		{0E2D152A-5721-4DEB-BB36-3825213D3050}.Debug|x86.ActiveCfg = Debug|x86
		{0E2D152A-5721-4DEB-BB36-3825213D3050}.Debug|x86.Build.0 = Debug|x86
		{0E2D152A-5721-4DEB-BB36-3825213D3050}.Debug|Xbox 360.ActiveCfg = Debug|x86
		{0E2D152A-5721-4DEB-BB36-3825213D3050}.Release|Mixed Platforms.ActiveCfg = Release|x86
		{0E2D152A-5721-4DEB-BB36-3825213D3050}.Release|Mixed Platforms.Build.0 = Release|x86
		{0E2D152A-5721-4DEB-BB36-3825213D3050}.Release|x86.ActiveCfg = Release|x86
		{0E2D152A-5721-4DEB-BB36-3825213D3050}.Release|x86.Build.0 = Release|x86
		{0E2D152A-5721-4DEB-BB36-3825213D3050}.Release|Xbox 360.ActiveCfg = Release|x86
		{0389AE98-147C-42B9-B6B3-06CCDA812FA1}.Debug|Mixed Platforms.ActiveCfg = Debug|Xbox 360
		{0389AE98-147C-42B9-B6B3-06CCDA812FA1}.Debug|Mixed Platforms.Build.0 = Debug|Xbox 360
		{0389AE98-147C-42B9-B6B3-06CCDA812FA1}.Debug|Mixed Platforms.Deploy.0 = Debug|Xbox 360
		{0389AE98-147C-42B9-B6B3-06CCDA812FA1}.Debug|x86.ActiveCfg = Debug|Xbox 360
		{0389AE98-147C-42B9-B6B3-06CCDA812FA1}.Debug|Xbox 360.ActiveCfg = Debug|Xbox 360
		{0389AE98-147C-42B9-B6B3-06CCDA812FA1}.Debug|Xbox 360.Build.0 = Debug|Xbox 360
		{0389AE98-147C-42B9-B6B3-06CCDA812FA1}.Debug|Xbox 360.Deploy.0 = Debug|Xbox 360
		{0389AE98-147C-42B9-B6B3-06CCDA812FA1}.Release|Mixed Platforms.ActiveCfg = Release|Xbox 360
		{0389AE98-147C-42B9-B6B3-06CCDA812FA1}.Release|Mixed Platforms.Build.0 = Release|Xbox 360
		{0389AE98-147C-42B9-B6B3-06CCDA812FA1}.Release|Mixed Platforms.Deploy.0 = Release|Xbox 360
		{0389AE98-147C-42B9-B6B3-06CCDA812FA1}.Release|x86.ActiveCfg = Release|Xbox 360
		{0389AE98-147C-42B9-B6B3-06CCDA812FA1}.Release|Xbox 360.ActiveCfg = Release|Xbox 360
		{0389AE98-147C-42B9-B6B3-06CCDA812FA1}.Release|Xbox 360.Build.0 = Release|Xbox 360
		{0389AE98-147C-42B9-B6B3-06CCDA812FA1}.Release|Xbox 360.Deploy.0 = Release|Xbox 360
		{62187AD7-FCF0-448D-A8ED-C550239D19B6}.Debug|Mixed Platforms.ActiveCfg = Debug|x86
		{62187AD7-FCF0-448D-A8ED-C550239D19B6}.Debug|Mixed Platforms.Build.0 = Debug|x86
		{62187AD7-FCF0-448D-A8ED-C550239D19B6}.Debug|x86.ActiveCfg = Debug|x86
		{62187AD7-FCF0-448D-A8ED-C550239D19B6}.Debug|x86.Build.0 = Debug|x86
		{62187AD7-FCF0-448D-A8ED-C550239D19B6}.Debug|Xbox 360.ActiveCfg = Debug|x86
		{62187AD7-FCF0-448D-A8ED-C550239D19B6}.Release|Mixed Platforms.ActiveCfg = Release|x86
		{62187AD7-FCF0-448D-A8ED-C550239D19B6}.Release|Mixed Platforms.Build.0 = Release|x86
		{62187AD7-FCF0-448D-A8ED-C550239D19B6}.Release|x86.ActiveCfg = Release|x86
		{62187AD7-FCF0-448D-A8ED-C550239D19B6}.Release|x86.Build.0 = Release|x86
		{62187AD7-FCF0-448D-A8ED-C550239D19B6}.Release|Xbox 360.ActiveCfg = Release|x86
		{7B944F87-B6E3-47E6-8C6E-1D7A7AB3227B}.Debug|Mixed Platforms.ActiveCfg = Debug|x86
		{7B944F87-B6E3-47E6-8C6E-1D7A7AB3227B}.Debug|Mixed Platforms.Build.0 = Debug|x86
		{7B944F87-B6E3-47E6-8C6E-1D7A7AB3227B}.Debug|x86.ActiveCfg = Debug|x86
		{7B944F87-B6E3-47E6-8C6E-1D7A7AB3227B}.Debug|x86.Build.0 = Debug|x86
		{7B944F87-B6E3-47E6-8C6E-1D7A7AB3227B}.Debug|Xbox 360.ActiveCfg = Debug|x86
		{7B944F87-B6E3-47E6-8C6E-1D7A7AB3227B}.Release|Mixed Platforms.ActiveCfg = Release|x86
		{7B944F87-B6E3-47E6-8C6E-1D7A7AB3227B}.Release|Mixed Platforms.Build.0 = Release|x86
		{7B944F87-B6E3-47E6-8C6E-1D7A7AB3227B}.Release|x86.ActiveCfg = Release|x86
		{7B944F87-B6E3-47E6-8C6E-1D7A7AB3227B}.Release|x86.Build.0 = Release|x86
		{7B944F87-B6E3-47E6-8C6E-1D7A7AB3227B}.Release|Xbox 360.ActiveCfg = Release|x86
		{C46DD059-947D-4ECA-BAB9-C9A866AB4D3C}.Debug|Mixed Platforms.ActiveCfg = Debug|Xbox 360
		{C46DD059-947D-4ECA-BAB9-C9A866AB4D3C}.Debug|Mixed Platforms.Build.0 = Debug|Xbox 360
		{C46DD059-947D-4ECA-BAB9-C9A866AB4D3C}.Debug|Mixed Platforms.Deploy.0 = Debug|Xbox 360
		{C46DD059-947D-4ECA-BAB9-C9A866AB4D3C}.Debug|x86.ActiveCfg = Debug|Xbox 360
		{C46DD059-947D-4ECA-BAB9-C9A866AB4D3C}.Debug|Xbox 360.ActiveCfg = Debug|Xbox 360
		{C46DD059-947D-4ECA-BAB9-C9A866AB4D3C}.Debug|Xbox 360.Build.0 = Debug|Xbox 360
		{C46DD059-947D-4ECA-BAB9-C9A866AB4D3C}.Debug|Xbox 360.Deploy.0 = Debug|Xbox 360
		{C46DD059-947D-4ECA-BAB9-C9A866AB4D3C}.Release|Mixed Platforms.ActiveCfg = Release|Xbox 360
		{C46DD059-947D-4ECA-BAB9-C9A866AB4D3C}.Release|Mixed Platforms.Build.0 = Release|Xbox 360
		{C46DD059-947D-4ECA-BAB9-C9A866AB4D3C}.Release|Mixed Platforms.Deploy.0 = Release|Xbox 360
		{C46DD059-947D-4ECA-BAB9-C9A866AB4D3C}.Release|x86.ActiveCfg = Release|Xbox 360
		{C46DD059-947D-4ECA-BAB9-C9A866AB4D3C}.Release|Xbox 360.ActiveCfg = Release|Xbox 360
		{C46DD059-947D-4ECA-BAB9-C9A866AB4D3C}.Release|Xbox 360.Build.0 = Release|Xbox 360
		{C46DD059-947D-4ECA-BAB9-C9A866AB4D3C}.Release|Xbox 360.Deploy.0 = Release|Xbox 360
		{3CBDE4FF-1F46-4A0B-BDDD-5EBF54417B5A}.Debug|Mixed Platforms.ActiveCfg = Debug|x86
		{3CBDE4FF-1F46-4A0B-BDDD-5EBF54417B5A}.Debug|Mixed Platforms.Build.0 = Debug|x86
		{3CBDE4FF-1F46-4A0B-BDDD-5EBF54417B5A}.Debug|x86.ActiveCfg = Debug|x86
		{3CBDE4FF-1F46-4A0B-BDDD-5EBF54417B5A}.Debug|x86.Build.0 = Debug|x86
		{3CBDE4FF-1F46-4A0B-BDDD-5EBF54417B5A}.Debug|Xbox 360.ActiveCfg = Debug|x86
		{3CBDE4FF-1F46-4A0B-BDDD-5EBF54417B5A}.Release|Mixed Platforms.ActiveCfg = Release|x86
		{3CBDE4FF-1F46-4A0B-BDDD-5EBF54417B5A}.Release|Mixed Platforms.Build.0 = Release|x86
		{3CBDE4FF-1F46-4A0B-BDDD-5EBF54417B5A}.Release|x86.ActiveCfg = Release|x86
		{3CBDE4FF-1F46-4A0B-BDDD-5EBF54417B5A}.Release|x86.Build.0 = Release|x86
		{3CBDE4FF-1F46-4A0B-BDDD-5EBF54417B5A}.Release|Xbox 360.ActiveCfg = Release|x86
		{40F4EC55-750F-4F30-A328-5FE0303788EC}.Debug|Mixed Platforms.ActiveCfg = Debug|Xbox 360
		{40F4EC55-750F-4F30-A328-5FE0303788EC}.Debug|Mixed Platforms.Build.0 = Debug|Xbox 360
		{40F4EC55-750F-4F30-A328-5FE0303788EC}.Debug|x86.ActiveCfg = Debug|Xbox 360
		{40F4EC55-750F-4F30-A328-5FE0303788EC}.Debug|Xbox 360.ActiveCfg = Debug|Xbox 360
		{40F4EC55-750F-4F30-A328-5FE0303788EC}.Debug|Xbox 360.Build.0 = Debug|Xbox 360
		{40F4EC55-750F-4F30-A328-5FE0303788EC}.Release|Mixed Platforms.ActiveCfg = Release|Xbox 360
		{40F4EC55-750F-4F30-A328-5FE0303788EC}.Release|Mixed Platforms.Build.0 = Release|Xbox 360
		{40F4EC55-750F-4F30-A328-5FE0303788EC}.Release|x86.ActiveCfg = Release|Xbox 360
		{40F4EC55-750F-4F30-A328-5FE0303788EC}.Release|Xbox 360.ActiveCfg = Release|Xbox 360
		{40F4EC55-750F-4F30-A328-5FE0303788EC}.Release|Xbox 360.Build.0 = Release|Xbox 360
		{683464C9-383E-4412-9E89-68B6D9E976C7}.Debug|Mixed Platforms.ActiveCfg = Debug|x86
		{683464C9-383E-4412-9E89-68B6D9E976C7}.Debug|Mixed Platforms.Build.0 = Debug|x86
		{683464C9-383E-4412-9E89-68B6D9E976C7}.Debug|x86.ActiveCfg = Debug|x86
		{683464C9-383E-4412-9E89-68B6D9E976C7}.Debug|x86.Build.0 = Debug|x86
		{683464C9-383E-4412-9E89-68B6D9E976C7}.Debug|Xbox 360.ActiveCfg = Debug|x86
		{683464C9-383E-4412-9E89-68B6D9E976C7}.Release|Mixed Platforms.ActiveCfg = Release|x86
		{683464C9-383E-4412-9E89-68B6D9E976C7}.Release|Mixed Platforms.Build.0 = Release|x86
		{683464C9-383E-4412-9E89-68B6D9E976C7}.Release|x86.ActiveCfg = Release|x86
		{683464C9-383E-4412-9E89-68B6D9E976C7}.Release|x86.Build.0 = Release|x86
		{683464C9-383E-4412-9E89-68B6D9E976C7}.Release|Xbox 360.ActiveCfg = Release|x86
		{0E899C11-63AF-46C7-8C66-EAE2289676DE}.Debug|Mixed Platforms.ActiveCfg = Debug
		{0E899C11-63AF-46C7-8C66-EAE2289676DE}.Debug|x86.ActiveCfg = Debug
		{0E899C11-63AF-46C7-8C66-EAE2289676DE}.Debug|Xbox 360.ActiveCfg = Debug
		{0E899C11-63AF-46C7-8C66-EAE2289676DE}.Release|Mixed Platforms.ActiveCfg = Release
		{0E899C11-63AF-46C7-8C66-EAE2289676DE}.Release|x86.ActiveCfg = Release
		{0E899C11-63AF-46C7-8C66-EAE2289676DE}.Release|Xbox 360.ActiveCfg = Release
		{960C5621-EC4A-4419-B66E-D36F9D7BBC39}.Debug|Mixed Platforms.ActiveCfg = Debug|x86
		{960C5621-EC4A-4419-B66E-D36F9D7BBC39}.Debug|Mixed Platforms.Build.0 = Debug|x86
		{960C5621-EC4A-4419-B66E-D36F9D7BBC39}.Debug|x86.ActiveCfg = Debug|x86
		{960C5621-EC4A-4419-B66E-D36F9D7BBC39}.Debug|x86.Build.0 = Debug|x86
		{960C5621-EC4A-4419-B66E-D36F9D7BBC39}.Debug|Xbox 360.ActiveCfg = Debug|x86
		{960C5621-EC4A-4419-B66E-D36F9D7BBC39}.Release|Mixed Platforms.ActiveCfg = Release|x86
		{960C5621-EC4A-4419-B66E-D36F9D7BBC39}.Release|Mixed Platforms.Build.0 = Release|x86
		{960C5621-EC4A-4419-B66E-D36F9D7BBC39}.Release|x86.ActiveCfg = Release|x86
		{960C5621-EC4A-4419-B66E-D36F9D7BBC39}.Release|x86.Build.0 = Release|x86
		{960C5621-EC4A-4419-B66E-D36F9D7BBC39}.Release|Xbox 360.ActiveCfg = Release|x86
		{BD3BD153-B8EA-4DAC-9CC4-E9C663610EF0}.Debug|Mixed Platforms.ActiveCfg = Debug|x86
		{BD3BD153-B8EA-4DAC-9CC4-E9C663610EF0}.Debug|x86.ActiveCfg = Debug|x86
		{BD3BD153-B8EA-4DAC-9CC4-E9C663610EF0}.Debug|Xbox 360.ActiveCfg = Debug|x86
		{BD3BD153-B8EA-4DAC-9CC4-E9C663610EF0}.Release|Mixed Platforms.ActiveCfg = Release|x86
		{BD3BD153-B8EA-4DAC-9CC4-E9C663610EF0}.Release|x86.ActiveCfg = Release|x86
		{BD3BD153-B8EA-4DAC-9CC4-E9C663610EF0}.Release|Xbox 360.ActiveCfg = Release|x86
		{0C6D4F5C-0F41-4E44-AAE0-309AD0F62109}.Debug|Mixed Platforms.ActiveCfg = Debug|x86
		{0C6D4F5C-0F41-4E44-AAE0-309AD0F62109}.Debug|x86.ActiveCfg = Debug|x86
		{0C6D4F5C-0F41-4E44-AAE0-309AD0F62109}.Debug|Xbox 360.ActiveCfg = Debug|x86
		{0C6D4F5C-0F41-4E44-AAE0-309AD0F62109}.Release|Mixed Platforms.ActiveCfg = Release|x86
		{0C6D4F5C-0F41-4E44-AAE0-309AD0F62109}.Release|x86.ActiveCfg = Release|x86
		{0C6D4F5C-0F41-4E44-AAE0-309AD0F62109}.Release|Xbox 360.ActiveCfg = Release|x86
		{79A52E77-8937-4F9B-9DAC-7D38D987AA0E}.Debug|Mixed Platforms.ActiveCfg = Debug|x86
		{79A52E77-8937-4F9B-9DAC-7D38D987AA0E}.Debug|x86.ActiveCfg = Debug|x86
		{79A52E77-8937-4F9B-9DAC-7D38D987AA0E}.Debug|Xbox 360.ActiveCfg = Debug|x86
		{79A52E77-8937-4F9B-9DAC-7D38D987AA0E}.Release|Mixed Platforms.ActiveCfg = Release|x86
		{79A52E77-8937-4F9B-9DAC-7D38D987AA0E}.Release|x86.ActiveCfg = Release|x86
		{79A52E77-8937-4F9B-9DAC-7D38D987AA0E}.Release|Xbox 360.ActiveCfg = Release|x86
		{2B614F1E-C425-4450-8334-4C9821DE9112}.Debug|Mixed Platforms.ActiveCfg = Debug|x86
		{2B614F1E-C425-4450-8334-4C9821DE9112}.Debug|x86.ActiveCfg = Debug|x86
		{2B614F1E-C425-4450-8334-4C9821DE9112}.Debug|Xbox 360.ActiveCfg = Debug|x86
		{2B614F1E-C425-4450-8334-4C9821DE9112}.Release|Mixed Platforms.ActiveCfg = Release|x86
		{2B614F1E-C425-4450-8334-4C9821DE9112}.Release|x86.ActiveCfg = Release|x86
		{2B614F1E-C425-4450-8334-4C9821DE9112}.Release|Xbox 360.ActiveCfg = Release|x86
		{BC931530-8F27-4B8A-8DB9-A17979168501}.Debug|Mixed Platforms.ActiveCfg = Debug|x86
		{BC931530-8F27-4B8A-8DB9-A17979168501}.Debug|x86.ActiveCfg = Debug|x86
		{BC931530-8F27-4B8A-8DB9-A17979168501}.Debug|Xbox 360.ActiveCfg = Debug|x86
		{BC931530-8F27-4B8A-8DB9-A17979168501}.Release|Mixed Platforms.ActiveCfg = Release|x86
		{BC931530-8F27-4B8A-8DB9-A17979168501}.Release|x86.ActiveCfg = Release|x86
		{BC931530-8F27-4B8A-8DB9-A17979168501}.Release|Xbox 360.ActiveCfg = Release|x86
		{FE675DB4-4CB9-4909-BCC0-D5D00D9762BF}.Debug|Mixed Platforms.ActiveCfg = Debug|x86
		{FE675DB4-4CB9-4909-BCC0-D5D00D9762BF}.Debug|x86.ActiveCfg = Debug|x86
		{FE675DB4-4CB9-4909-BCC0-D5D00D9762BF}.Debug|Xbox 360.ActiveCfg = Debug|x86
		{FE675DB4-4CB9-4909-BCC0-D5D00D9762BF}.Release|Mixed Platforms.ActiveCfg = Release|x86
		{FE675DB4-4CB9-4909-BCC0-D5D00D9762BF}.Release|x86.ActiveCfg = Release|x86
		{FE675DB4-4CB9-4909-BCC0-D5D00D9762BF}.Release|Xbox 360.ActiveCfg = Release|x86
		{25011F84-390B-46C2-BEFE-4A53EA7EAF59}.Debug|Mixed Platforms.ActiveCfg = Debug|x86
		{25011F84-390B-46C2-BEFE-4A53EA7EAF59}.Debug|x86.ActiveCfg = Debug|x86
		{25011F84-390B-46C2-BEFE-4A53EA7EAF59}.Debug|Xbox 360.ActiveCfg = Debug|x86
		{25011F84-390B-46C2-BEFE-4A53EA7EAF59}.Release|Mixed Platforms.ActiveCfg = Release|x86
		{25011F84-390B-46C2-BEFE-4A53EA7EAF59}.Release|x86.ActiveCfg = Release|x86
		{25011F84-390B-46C2-BEFE-4A53EA7EAF59}.Release|Xbox 360.ActiveCfg = Release|x86
		{9B924536-6C3D-4FCC-8F35-262B51154D2D}.Debug|Mixed Platforms.ActiveCfg = Debug|x86
		{9B924536-6C3D-4FCC-8F35-262B51154D2D}.Debug|x86.ActiveCfg = Debug|x86
		{9B924536-6C3D-4FCC-8F35-262B51154D2D}.Debug|Xbox 360.ActiveCfg = Debug|x86
		{9B924536-6C3D-4FCC-8F35-262B51154D2D}.Release|Mixed Platforms.ActiveCfg = Release|x86
		{9B924536-6C3D-4FCC-8F35-262B51154D2D}.Release|x86.ActiveCfg = Release|x86
		{9B924536-6C3D-4FCC-8F35-262B51154D2D}.Release|Xbox 360.ActiveCfg = Release|x86
		{59999EDE-EB60-400D-9946-0BAE4BED5559}.Debug|Mixed Platforms.ActiveCfg = Debug|x86
		{59999EDE-EB60-400D-9946-0BAE4BED5559}.Debug|x86.ActiveCfg = Debug|x86
		{59999EDE-EB60-400D-9946-0BAE4BED5559}.Debug|Xbox 360.ActiveCfg = Debug|x86
		{59999EDE-EB60-400D-9946-0BAE4BED5559}.Release|Mixed Platforms.ActiveCfg = Release|x86
		{59999EDE-EB60-400D-9946-0BAE4BED5559}.Release|x86.ActiveCfg = Release|x86
		{59999EDE-EB60-400D-9946-0BAE4BED5559}.Release|Xbox 360.ActiveCfg = Release|x86
		{518679F8-C882-4A95-A343-B05BCFF40E0C}.Debug|Mixed Platforms.ActiveCfg = Debug|x86
		{518679F8-C882-4A95-A343-B05BCFF40E0C}.Debug|x86.ActiveCfg = Debug|x86
		{518679F8-C882-4A95-A343-B05BCFF40E0C}.Debug|Xbox 360.ActiveCfg = Debug|x86
		{518679F8-C882-4A95-A343-B05BCFF40E0C}.Release|Mixed Platforms.ActiveCfg = Release|x86
		{518679F8-C882-4A95-A343-B05BCFF40E0C}.Release|x86.ActiveCfg = Release|x86
		{518679F8-C882-4A95-A343-B05BCFF40E0C}.Release|Xbox 360.ActiveCfg = Release|x86
		{AAF27A29-4FA4-481D-9A73-499E1D5FBE28}.Debug|Mixed Platforms.ActiveCfg = Debug|x86
		{AAF27A29-4FA4-481D-9A73-499E1D5FBE28}.Debug|x86.ActiveCfg = Debug|x86
		{AAF27A29-4FA4-481D-9A73-499E1D5FBE28}.Debug|Xbox 360.ActiveCfg = Debug|x86
		{AAF27A29-4FA4-481D-9A73-499E1D5FBE28}.Release|Mixed Platforms.ActiveCfg = Release|x86
		{AAF27A29-4FA4-481D-9A73-499E1D5FBE28}.Release|x86.ActiveCfg = Release|x86
		{AAF27A29-4FA4-481D-9A73-499E1D5FBE28}.Release|Xbox 360.ActiveCfg = Release|x86
		{4E4041F0-79A4-453F-B6A2-B235BEA7C3C7}.Debug|Mixed Platforms.ActiveCfg = Debug|x86
		{4E4041F0-79A4-453F-B6A2-B235BEA7C3C7}.Debug|x86.ActiveCfg = Debug|x86
		{4E4041F0-79A4-453F-B6A2-B235BEA7C3C7}.Debug|Xbox 360.ActiveCfg = Debug|x86
		{4E4041F0-79A4-453F-B6A2-B235BEA7C3C7}.Release|Mixed Platforms.ActiveCfg = Release|x86
		{4E4041F0-79A4-453F-B6A2-B235BEA7C3C7}.Release|x86.ActiveCfg = Release|x86
		{4E4041F0-79A4-453F-B6A2-B235BEA7C3C7}.Release|Xbox 360.ActiveCfg = Release|x86
	EndGlobalSection
	GlobalSection(SolutionProperties) = preSolution
		HideSolutionNode = FALSE
	EndGlobalSection
	GlobalSection(NestedProjects) = preSolution
		{E6F146C4-522D-45D8-8C8A-FE1A48BE1016} = {F1016857-AB42-4A22-AB03-8779D19EFE9F}
		{31C43A9C-75BC-4B7A-8436-FDC4B7F29099} = {F1016857-AB42-4A22-AB03-8779D19EFE9F}
		{920B2D12-20CD-443B-A57F-EDF3E4B1E79B} = {F1016857-AB42-4A22-AB03-8779D19EFE9F}
		{F9191F46-213E-4EE2-BC6A-D6023619E5EC} = {F1016857-AB42-4A22-AB03-8779D19EFE9F}
		{3D57ED34-AD36-4DAE-B353-65D231E80952} = {9728750B-93A1-4885-BD55-879AA205097B}
		{B4FD0B31-18EC-4C46-B795-59DA796A2016} = {9728750B-93A1-4885-BD55-879AA205097B}
		{0E2D152A-5721-4DEB-BB36-3825213D3050} = {E6F146C4-522D-45D8-8C8A-FE1A48BE1016}
		{62187AD7-FCF0-448D-A8ED-C550239D19B6} = {E6F146C4-522D-45D8-8C8A-FE1A48BE1016}
		{7B944F87-B6E3-47E6-8C6E-1D7A7AB3227B} = {E6F146C4-522D-45D8-8C8A-FE1A48BE1016}
		{2FE1E435-0C0A-4CD0-8461-335A7CE4C94C} = {31C43A9C-75BC-4B7A-8436-FDC4B7F29099}
		{0B7EF747-00D6-4B8F-B3F1-F04005ED84B2} = {31C43A9C-75BC-4B7A-8436-FDC4B7F29099}
		{2B89352B-FB63-4593-A4C4-210EBEE7E7C5} = {31C43A9C-75BC-4B7A-8436-FDC4B7F29099}
		{C77DB9A2-FE18-4302-8F4E-2BF9D23B5359} = {31C43A9C-75BC-4B7A-8436-FDC4B7F29099}
		{18CA50BF-E56B-43FE-890A-7BCD0F5444D5} = {31C43A9C-75BC-4B7A-8436-FDC4B7F29099}
		{631A306A-EE94-4E60-934F-D905B3697D2C} = {31C43A9C-75BC-4B7A-8436-FDC4B7F29099}
		{3CBDE4FF-1F46-4A0B-BDDD-5EBF54417B5A} = {31C43A9C-75BC-4B7A-8436-FDC4B7F29099}
		{38EBE36B-0C4D-4292-9CAD-328E3140B736} = {3D57ED34-AD36-4DAE-B353-65D231E80952}
		{0389AE98-147C-42B9-B6B3-06CCDA812FA1} = {3D57ED34-AD36-4DAE-B353-65D231E80952}
		{C46DD059-947D-4ECA-BAB9-C9A866AB4D3C} = {3D57ED34-AD36-4DAE-B353-65D231E80952}
		{704EC7AA-ADE2-4385-965F-13EE098CDCE8} = {B4FD0B31-18EC-4C46-B795-59DA796A2016}
		{69EC565A-9144-4358-BB8C-F4606E1432AF} = {B4FD0B31-18EC-4C46-B795-59DA796A2016}
		{3DAED895-E704-47D7-9955-CCC354C46B1E} = {B4FD0B31-18EC-4C46-B795-59DA796A2016}
		{A309DDD3-0577-4B1B-B189-5ECE16C82D30} = {B4FD0B31-18EC-4C46-B795-59DA796A2016}
		{A8D727A9-2CEE-448C-A216-83E50476169B} = {B4FD0B31-18EC-4C46-B795-59DA796A2016}
		{40F4EC55-750F-4F30-A328-5FE0303788EC} = {B4FD0B31-18EC-4C46-B795-59DA796A2016}
		{7909A6BA-438E-40C6-B0A5-768331651DE8} = {920B2D12-20CD-443B-A57F-EDF3E4B1E79B}
		{683464C9-383E-4412-9E89-68B6D9E976C7} = {920B2D12-20CD-443B-A57F-EDF3E4B1E79B}
		{0E899C11-63AF-46C7-8C66-EAE2289676DE} = {920B2D12-20CD-443B-A57F-EDF3E4B1E79B}
		{960C5621-EC4A-4419-B66E-D36F9D7BBC39} = {920B2D12-20CD-443B-A57F-EDF3E4B1E79B}
		{9FFEB2AC-0173-4C21-8D87-B4EF5E756695} = {F9191F46-213E-4EE2-BC6A-D6023619E5EC}
		{45C913DC-2FE0-4969-B9D8-3ADCEE666B10} = {F9191F46-213E-4EE2-BC6A-D6023619E5EC}
		{55B1160F-755D-4D4B-BC61-CA2C241690D0} = {F9191F46-213E-4EE2-BC6A-D6023619E5EC}
	EndGlobalSection
EndGlobal
